
Microsoft Visual Studio Solution File, Format Version 12.00
# Visual Studio Version 17
VisualStudioVersion = 17.3.32901.215
MinimumVisualStudioVersion = 10.0.40219.1
Project("{8BC9CEB8-8B4A-11D0-8D11-00A0C91BC942}") = "SnackerEngine", "SnackerEngine\SnackerEngine.vcxproj", "{CBF0269F-7152-463C-88D0-BE762035F937}"
	ProjectSection(ProjectDependencies) = postProject
		{86E2B5FB-0EF6-4F89-B9A1-8B0F55D72EF7} = {86E2B5FB-0EF6-4F89-B9A1-8B0F55D72EF7}
		{A598F72C-F397-442D-B1EB-3CEA6AC4A44A} = {A598F72C-F397-442D-B1EB-3CEA6AC4A44A}
		{AD0EAF18-C2BB-4092-959E-9B5679C3457E} = {AD0EAF18-C2BB-4092-959E-9B5679C3457E}
	EndProjectSection
EndProject
Project("{8BC9CEB8-8B4A-11D0-8D11-00A0C91BC942}") = "Utility", "Utility\Utility.vcxproj", "{86E2B5FB-0EF6-4F89-B9A1-8B0F55D72EF7}"
EndProject
Project("{8BC9CEB8-8B4A-11D0-8D11-00A0C91BC942}") = "Network", "Network\Network.vcxproj", "{AD0EAF18-C2BB-4092-959E-9B5679C3457E}"
	ProjectSection(ProjectDependencies) = postProject
		{86E2B5FB-0EF6-4F89-B9A1-8B0F55D72EF7} = {86E2B5FB-0EF6-4F89-B9A1-8B0F55D72EF7}
	EndProjectSection
EndProject
Project("{8BC9CEB8-8B4A-11D0-8D11-00A0C91BC942}") = "Math", "Math\Math.vcxproj", "{A598F72C-F397-442D-B1EB-3CEA6AC4A44A}"
	ProjectSection(ProjectDependencies) = postProject
		{86E2B5FB-0EF6-4F89-B9A1-8B0F55D72EF7} = {86E2B5FB-0EF6-4F89-B9A1-8B0F55D72EF7}
	EndProjectSection
EndProject
Global
	GlobalSection(SolutionConfigurationPlatforms) = preSolution
		Debug|x64 = Debug|x64
		Debug|x86 = Debug|x86
		Release|x64 = Release|x64
		Release|x86 = Release|x86
	EndGlobalSection
	GlobalSection(ProjectConfigurationPlatforms) = postSolution
		{CBF0269F-7152-463C-88D0-BE762035F937}.Debug|x64.ActiveCfg = Debug|x64
		{CBF0269F-7152-463C-88D0-BE762035F937}.Debug|x64.Build.0 = Debug|x64
		{CBF0269F-7152-463C-88D0-BE762035F937}.Debug|x86.ActiveCfg = Debug|Win32
		{CBF0269F-7152-463C-88D0-BE762035F937}.Debug|x86.Build.0 = Debug|Win32
		{CBF0269F-7152-463C-88D0-BE762035F937}.Release|x64.ActiveCfg = Release|x64
		{CBF0269F-7152-463C-88D0-BE762035F937}.Release|x64.Build.0 = Release|x64
		{CBF0269F-7152-463C-88D0-BE762035F937}.Release|x86.ActiveCfg = Release|Win32
		{CBF0269F-7152-463C-88D0-BE762035F937}.Release|x86.Build.0 = Release|Win32
		{86E2B5FB-0EF6-4F89-B9A1-8B0F55D72EF7}.Debug|x64.ActiveCfg = Debug|x64
		{86E2B5FB-0EF6-4F89-B9A1-8B0F55D72EF7}.Debug|x64.Build.0 = Debug|x64
		{86E2B5FB-0EF6-4F89-B9A1-8B0F55D72EF7}.Debug|x86.ActiveCfg = Debug|Win32
		{86E2B5FB-0EF6-4F89-B9A1-8B0F55D72EF7}.Debug|x86.Build.0 = Debug|Win32
		{86E2B5FB-0EF6-4F89-B9A1-8B0F55D72EF7}.Release|x64.ActiveCfg = Release|x64
		{86E2B5FB-0EF6-4F89-B9A1-8B0F55D72EF7}.Release|x64.Build.0 = Release|x64
		{86E2B5FB-0EF6-4F89-B9A1-8B0F55D72EF7}.Release|x86.ActiveCfg = Release|Win32
		{86E2B5FB-0EF6-4F89-B9A1-8B0F55D72EF7}.Release|x86.Build.0 = Release|Win32
		{AD0EAF18-C2BB-4092-959E-9B5679C3457E}.Debug|x64.ActiveCfg = Debug|x64
		{AD0EAF18-C2BB-4092-959E-9B5679C3457E}.Debug|x64.Build.0 = Debug|x64
		{AD0EAF18-C2BB-4092-959E-9B5679C3457E}.Debug|x86.ActiveCfg = Debug|Win32
		{AD0EAF18-C2BB-4092-959E-9B5679C3457E}.Debug|x86.Build.0 = Debug|Win32
		{AD0EAF18-C2BB-4092-959E-9B5679C3457E}.Release|x64.ActiveCfg = Release|x64
		{AD0EAF18-C2BB-4092-959E-9B5679C3457E}.Release|x64.Build.0 = Release|x64
		{AD0EAF18-C2BB-4092-959E-9B5679C3457E}.Release|x86.ActiveCfg = Release|Win32
		{AD0EAF18-C2BB-4092-959E-9B5679C3457E}.Release|x86.Build.0 = Release|Win32
		{A598F72C-F397-442D-B1EB-3CEA6AC4A44A}.Debug|x64.ActiveCfg = Debug|x64
		{A598F72C-F397-442D-B1EB-3CEA6AC4A44A}.Debug|x64.Build.0 = Debug|x64
		{A598F72C-F397-442D-B1EB-3CEA6AC4A44A}.Debug|x86.ActiveCfg = Debug|Win32
		{A598F72C-F397-442D-B1EB-3CEA6AC4A44A}.Debug|x86.Build.0 = Debug|Win32
		{A598F72C-F397-442D-B1EB-3CEA6AC4A44A}.Release|x64.ActiveCfg = Release|x64
		{A598F72C-F397-442D-B1EB-3CEA6AC4A44A}.Release|x64.Build.0 = Release|x64
		{A598F72C-F397-442D-B1EB-3CEA6AC4A44A}.Release|x86.ActiveCfg = Release|Win32
		{A598F72C-F397-442D-B1EB-3CEA6AC4A44A}.Release|x86.Build.0 = Release|Win32
	EndGlobalSection
	GlobalSection(SolutionProperties) = preSolution
		HideSolutionNode = FALSE
	EndGlobalSection
	GlobalSection(ExtensibilityGlobals) = postSolution
		SolutionGuid = {9D0BD0A6-C745-48B6-833D-30BC98B2E444}
	EndGlobalSection
EndGlobal
