
Microsoft Visual Studio Solution File, Format Version 12.00
# Visual Studio Version 17
VisualStudioVersion = 17.3.32811.315
MinimumVisualStudioVersion = 10.0.40219.1
Project("{8BC9CEB8-8B4A-11D0-8D11-00A0C91BC942}") = "SnackerEngine", "SnackerEngine\SnackerEngine.vcxproj", "{CF7A45A5-724F-4D67-AADD-BEE5336DA63A}"
EndProject
Project("{8BC9CEB8-8B4A-11D0-8D11-00A0C91BC942}") = "Application", "Application\Application.vcxproj", "{4A71879B-B7B4-4981-AC1D-AACFD101D9BC}"
EndProject
Project("{8BC9CEB8-8B4A-11D0-8D11-00A0C91BC942}") = "Demo model loading rave party", "Demo OBJ loading rave party\Demo OBJ loading rave party.vcxproj", "{A56723AB-B2F2-475D-865C-5245C088C3BF}"
EndProject
Project("{8BC9CEB8-8B4A-11D0-8D11-00A0C91BC942}") = "Demo textured scene", "Demo textured scene\Demo textured scene.vcxproj", "{C73DD67E-2C1C-441A-8C90-396265D8179D}"
EndProject
Project("{8BC9CEB8-8B4A-11D0-8D11-00A0C91BC942}") = "Demo GUI", "Demo GUI\Demo GUI.vcxproj", "{FFE7EF69-C436-40A6-B266-79BE3E8FBEA2}"
EndProject
Global
	GlobalSection(SolutionConfigurationPlatforms) = preSolution
		Debug|x64 = Debug|x64
		Debug|x86 = Debug|x86
		Release|x64 = Release|x64
		Release|x86 = Release|x86
	EndGlobalSection
	GlobalSection(ProjectConfigurationPlatforms) = postSolution
		{CF7A45A5-724F-4D67-AADD-BEE5336DA63A}.Debug|x64.ActiveCfg = Debug|x64
		{CF7A45A5-724F-4D67-AADD-BEE5336DA63A}.Debug|x64.Build.0 = Debug|x64
		{CF7A45A5-724F-4D67-AADD-BEE5336DA63A}.Debug|x86.ActiveCfg = Debug|Win32
		{CF7A45A5-724F-4D67-AADD-BEE5336DA63A}.Debug|x86.Build.0 = Debug|Win32
		{CF7A45A5-724F-4D67-AADD-BEE5336DA63A}.Release|x64.ActiveCfg = Release|x64
		{CF7A45A5-724F-4D67-AADD-BEE5336DA63A}.Release|x64.Build.0 = Release|x64
		{CF7A45A5-724F-4D67-AADD-BEE5336DA63A}.Release|x86.ActiveCfg = Release|Win32
		{CF7A45A5-724F-4D67-AADD-BEE5336DA63A}.Release|x86.Build.0 = Release|Win32
		{4A71879B-B7B4-4981-AC1D-AACFD101D9BC}.Debug|x64.ActiveCfg = Debug|x64
		{4A71879B-B7B4-4981-AC1D-AACFD101D9BC}.Debug|x64.Build.0 = Debug|x64
		{4A71879B-B7B4-4981-AC1D-AACFD101D9BC}.Debug|x86.ActiveCfg = Debug|Win32
		{4A71879B-B7B4-4981-AC1D-AACFD101D9BC}.Debug|x86.Build.0 = Debug|Win32
		{4A71879B-B7B4-4981-AC1D-AACFD101D9BC}.Release|x64.ActiveCfg = Release|x64
		{4A71879B-B7B4-4981-AC1D-AACFD101D9BC}.Release|x64.Build.0 = Release|x64
		{4A71879B-B7B4-4981-AC1D-AACFD101D9BC}.Release|x86.ActiveCfg = Release|Win32
		{4A71879B-B7B4-4981-AC1D-AACFD101D9BC}.Release|x86.Build.0 = Release|Win32
		{A56723AB-B2F2-475D-865C-5245C088C3BF}.Debug|x64.ActiveCfg = Debug|x64
		{A56723AB-B2F2-475D-865C-5245C088C3BF}.Debug|x64.Build.0 = Debug|x64
		{A56723AB-B2F2-475D-865C-5245C088C3BF}.Debug|x86.ActiveCfg = Debug|Win32
		{A56723AB-B2F2-475D-865C-5245C088C3BF}.Debug|x86.Build.0 = Debug|Win32
		{A56723AB-B2F2-475D-865C-5245C088C3BF}.Release|x64.ActiveCfg = Release|x64
		{A56723AB-B2F2-475D-865C-5245C088C3BF}.Release|x64.Build.0 = Release|x64
		{A56723AB-B2F2-475D-865C-5245C088C3BF}.Release|x86.ActiveCfg = Release|Win32
		{A56723AB-B2F2-475D-865C-5245C088C3BF}.Release|x86.Build.0 = Release|Win32
		{C73DD67E-2C1C-441A-8C90-396265D8179D}.Debug|x64.ActiveCfg = Debug|x64
		{C73DD67E-2C1C-441A-8C90-396265D8179D}.Debug|x64.Build.0 = Debug|x64
		{C73DD67E-2C1C-441A-8C90-396265D8179D}.Debug|x86.ActiveCfg = Debug|Win32
		{C73DD67E-2C1C-441A-8C90-396265D8179D}.Debug|x86.Build.0 = Debug|Win32
		{C73DD67E-2C1C-441A-8C90-396265D8179D}.Release|x64.ActiveCfg = Release|x64
		{C73DD67E-2C1C-441A-8C90-396265D8179D}.Release|x64.Build.0 = Release|x64
		{C73DD67E-2C1C-441A-8C90-396265D8179D}.Release|x86.ActiveCfg = Release|Win32
		{C73DD67E-2C1C-441A-8C90-396265D8179D}.Release|x86.Build.0 = Release|Win32
		{FFE7EF69-C436-40A6-B266-79BE3E8FBEA2}.Debug|x64.ActiveCfg = Debug|x64
		{FFE7EF69-C436-40A6-B266-79BE3E8FBEA2}.Debug|x64.Build.0 = Debug|x64
		{FFE7EF69-C436-40A6-B266-79BE3E8FBEA2}.Debug|x86.ActiveCfg = Debug|Win32
		{FFE7EF69-C436-40A6-B266-79BE3E8FBEA2}.Debug|x86.Build.0 = Debug|Win32
		{FFE7EF69-C436-40A6-B266-79BE3E8FBEA2}.Release|x64.ActiveCfg = Release|x64
		{FFE7EF69-C436-40A6-B266-79BE3E8FBEA2}.Release|x64.Build.0 = Release|x64
		{FFE7EF69-C436-40A6-B266-79BE3E8FBEA2}.Release|x86.ActiveCfg = Release|Win32
		{FFE7EF69-C436-40A6-B266-79BE3E8FBEA2}.Release|x86.Build.0 = Release|Win32
	EndGlobalSection
	GlobalSection(SolutionProperties) = preSolution
		HideSolutionNode = FALSE
	EndGlobalSection
	GlobalSection(ExtensibilityGlobals) = postSolution
		SolutionGuid = {782B1865-914B-4F9A-94EA-592080E7B696}
	EndGlobalSection
EndGlobal
