<?xml version="1.0" encoding="utf-8"?>
<Project ToolsVersion="17.0" xmlns="http://schemas.microsoft.com/developer/msbuild/2003">
  <ItemGroup>
    <ClCompile Include="C:\Users\benja\Documents\dev\SnackerEngine\SnackerEngine\SnackerEngine\Dependencies\GLFW\glfw-3.3.8\tests\gamma.c">
      <Filter>Source Files</Filter>
    </ClCompile>
    <ClCompile Include="C:\Users\benja\Documents\dev\SnackerEngine\SnackerEngine\SnackerEngine\Dependencies\GLFW\glfw-3.3.8\deps\glad_gl.c">
      <Filter>Source Files</Filter>
    </ClCompile>
  </ItemGroup>
  <ItemGroup>
    <ClInclude Include="C:\Users\benja\Documents\dev\SnackerEngine\SnackerEngine\SnackerEngine\Dependencies\GLFW\glfw-3.3.8\deps\glad\gl.h">
      <Filter>Header Files</Filter>
    </ClInclude>
  </ItemGroup>
  <ItemGroup>
    <CustomBuild Include="C:\Users\benja\Documents\dev\SnackerEngine\SnackerEngine\SnackerEngine\Dependencies\GLFW\glfw-3.3.8\tests\CMakeLists.txt" />
  </ItemGroup>
  <ItemGroup>
    <Filter Include="Header Files">
      <UniqueIdentifier>{D17FAE43-9D3A-3D18-B8BA-3BE613A90D77}</UniqueIdentifier>
    </Filter>
    <Filter Include="Source Files">
      <UniqueIdentifier>{EBF18E73-B58D-3353-9415-3C4FB6A9DA1C}</UniqueIdentifier>
    </Filter>
  </ItemGroup>
</Project>
