<?xml version="1.0" encoding="utf-8"?>
<Project ToolsVersion="17.0" xmlns="http://schemas.microsoft.com/developer/msbuild/2003">
  <ItemGroup>
    <CustomBuild Include="C:\Users\benja\Documents\dev\SnackerEngine\SnackerEngine\SnackerEngine\Dependencies\GLFW\glfw-3.3.8\build\CMakeFiles\7bc13e6ba6eb02061fcfdbda4ca79a3f\update_mappings.rule">
      <Filter>CMake Rules</Filter>
    </CustomBuild>
    <CustomBuild Include="C:\Users\benja\Documents\dev\SnackerEngine\SnackerEngine\SnackerEngine\Dependencies\GLFW\glfw-3.3.8\src\CMakeLists.txt" />
  </ItemGroup>
  <ItemGroup>
    <None Include="C:\Users\benja\Documents\dev\SnackerEngine\SnackerEngine\SnackerEngine\Dependencies\GLFW\glfw-3.3.8\src\mappings.h.in">
      <Filter>Header Files</Filter>
    </None>
    <None Include="C:\Users\benja\Documents\dev\SnackerEngine\SnackerEngine\SnackerEngine\Dependencies\GLFW\glfw-3.3.8\CMake\GenerateMappings.cmake" />
    <None Include="C:\Users\benja\Documents\dev\SnackerEngine\SnackerEngine\SnackerEngine\Dependencies\GLFW\glfw-3.3.8\build\src\CMakeFiles\update_mappings" />
  </ItemGroup>
  <ItemGroup>
    <Filter Include="CMake Rules">
      <UniqueIdentifier>{A40BB31E-8B01-39BE-97B5-FB9DA0312011}</UniqueIdentifier>
    </Filter>
    <Filter Include="Header Files">
      <UniqueIdentifier>{D17FAE43-9D3A-3D18-B8BA-3BE613A90D77}</UniqueIdentifier>
    </Filter>
  </ItemGroup>
</Project>
